{
  "name": "nebula-cli-chaos",
  "version": "2.0.0",
  "lockfileVersion": 3,
  "requires": true,
  "packages": {
    "": {
      "name": "nebula-cli-chaos",
      "version": "2.0.0",
      "license": "MIT",
      "bin": {
        "nebula": "chaos-runner.js",
        "nebula-chaos": "chaos-runner.js"
      }
    }
  }
}
